
Microsoft Visual Studio Solution File, Format Version 12.00
# Visual Studio Version 17
VisualStudioVersion = 17.14.36119.2
MinimumVisualStudioVersion = 10.0.40219.1
Project("{FAE04EC0-301F-11D3-BF4B-00C04F79EFBC}") = "BusinessObjects", "BusinessObjects\BusinessObjects.csproj", "{C494F365-38E5-4F67-9220-C3E937CC406A}"
EndProject
Project("{FAE04EC0-301F-11D3-BF4B-00C04F79EFBC}") = "DataAccessLayer", "DataAccessLayer\DataAccessLayer.csproj", "{BF85DE6C-82FE-44DE-929E-FFE360A9A374}"
EndProject
Project("{FAE04EC0-301F-11D3-BF4B-00C04F79EFBC}") = "RepositoryLayer", "RepositoryLayer\RepositoryLayer.csproj", "{D80CF220-C386-4C74-964E-94C499D0743D}"
EndProject
Project("{FAE04EC0-301F-11D3-BF4B-00C04F79EFBC}") = "Services", "Services\Services.csproj", "{B06E0B5E-976C-4110-8BA7-4544A31CBD62}"
EndProject
Project("{FAE04EC0-301F-11D3-BF4B-00C04F79EFBC}") = "HivTreatmentAppWPF", "HivTreatmentAppWPF\HivTreatmentAppWPF.csproj", "{F9F64579-7988-4D1C-86ED-05858F35592D}"
EndProject
Global
	GlobalSection(SolutionConfigurationPlatforms) = preSolution
		Debug|Any CPU = Debug|Any CPU
		Release|Any CPU = Release|Any CPU
	EndGlobalSection
	GlobalSection(ProjectConfigurationPlatforms) = postSolution
		{C494F365-38E5-4F67-9220-C3E937CC406A}.Debug|Any CPU.ActiveCfg = Debug|Any CPU
		{C494F365-38E5-4F67-9220-C3E937CC406A}.Debug|Any CPU.Build.0 = Debug|Any CPU
		{C494F365-38E5-4F67-9220-C3E937CC406A}.Release|Any CPU.ActiveCfg = Release|Any CPU
		{C494F365-38E5-4F67-9220-C3E937CC406A}.Release|Any CPU.Build.0 = Release|Any CPU
		{BF85DE6C-82FE-44DE-929E-FFE360A9A374}.Debug|Any CPU.ActiveCfg = Debug|Any CPU
		{BF85DE6C-82FE-44DE-929E-FFE360A9A374}.Debug|Any CPU.Build.0 = Debug|Any CPU
		{BF85DE6C-82FE-44DE-929E-FFE360A9A374}.Release|Any CPU.ActiveCfg = Release|Any CPU
		{BF85DE6C-82FE-44DE-929E-FFE360A9A374}.Release|Any CPU.Build.0 = Release|Any CPU
		{D80CF220-C386-4C74-964E-94C499D0743D}.Debug|Any CPU.ActiveCfg = Debug|Any CPU
		{D80CF220-C386-4C74-964E-94C499D0743D}.Debug|Any CPU.Build.0 = Debug|Any CPU
		{D80CF220-C386-4C74-964E-94C499D0743D}.Release|Any CPU.ActiveCfg = Release|Any CPU
		{D80CF220-C386-4C74-964E-94C499D0743D}.Release|Any CPU.Build.0 = Release|Any CPU
		{B06E0B5E-976C-4110-8BA7-4544A31CBD62}.Debug|Any CPU.ActiveCfg = Debug|Any CPU
		{B06E0B5E-976C-4110-8BA7-4544A31CBD62}.Debug|Any CPU.Build.0 = Debug|Any CPU
		{B06E0B5E-976C-4110-8BA7-4544A31CBD62}.Release|Any CPU.ActiveCfg = Release|Any CPU
		{B06E0B5E-976C-4110-8BA7-4544A31CBD62}.Release|Any CPU.Build.0 = Release|Any CPU
		{F9F64579-7988-4D1C-86ED-05858F35592D}.Debug|Any CPU.ActiveCfg = Debug|Any CPU
		{F9F64579-7988-4D1C-86ED-05858F35592D}.Debug|Any CPU.Build.0 = Debug|Any CPU
		{F9F64579-7988-4D1C-86ED-05858F35592D}.Release|Any CPU.ActiveCfg = Release|Any CPU
		{F9F64579-7988-4D1C-86ED-05858F35592D}.Release|Any CPU.Build.0 = Release|Any CPU
	EndGlobalSection
	GlobalSection(SolutionProperties) = preSolution
		HideSolutionNode = FALSE
	EndGlobalSection
	GlobalSection(ExtensibilityGlobals) = postSolution
		SolutionGuid = {A1D04C13-F889-4375-B010-BE10E4B68047}
	EndGlobalSection
EndGlobal
